// !$*UTF8*$!
{
	archiveVersion = 1;
	classes = {
	};
	objectVersion = 50;
	objects = {

/* Begin PBXBuildFile section */
		631E7C6721BF8F91001A5923 /* AppDelegate.m in Sources */ = {isa = PBXBuildFile; fileRef = 631E7C6621BF8F91001A5923 /* AppDelegate.m */; };
		631E7C6A21BF8F91001A5923 /* ViewController.m in Sources */ = {isa = PBXBuildFile; fileRef = 631E7C6921BF8F91001A5923 /* ViewController.m */; };
		631E7C6D21BF8F91001A5923 /* Main.storyboard in Resources */ = {isa = PBXBuildFile; fileRef = 631E7C6B21BF8F91001A5923 /* Main.storyboard */; };
		631E7C6F21BF8F91001A5923 /* Assets.xcassets in Resources */ = {isa = PBXBuildFile; fileRef = 631E7C6E21BF8F91001A5923 /* Assets.xcassets */; };
		631E7C7221BF8F91001A5923 /* LaunchScreen.storyboard in Resources */ = {isa = PBXBuildFile; fileRef = 631E7C7021BF8F91001A5923 /* LaunchScreen.storyboard */; };
		631E7C7521BF8F91001A5923 /* main.m in Sources */ = {isa = PBXBuildFile; fileRef = 631E7C7421BF8F91001A5923 /* main.m */; };
		63FA6884229502E600C55E2C /* ALAsset+DGSelectImage.m in Sources */ = {isa = PBXBuildFile; fileRef = 63FA6863229502E600C55E2C /* ALAsset+DGSelectImage.m */; };
		63FA6885229502E600C55E2C /* DGAssetsGroupListTableViewCell.m in Sources */ = {isa = PBXBuildFile; fileRef = 63FA6866229502E600C55E2C /* DGAssetsGroupListTableViewCell.m */; };
		63FA6886229502E600C55E2C /* DGCheckmarkView.m in Sources */ = {isa = PBXBuildFile; fileRef = 63FA6868229502E600C55E2C /* DGCheckmarkView.m */; };
		63FA6887229502E600C55E2C /* DGAssetsListCollectionViewCell.m in Sources */ = {isa = PBXBuildFile; fileRef = 63FA686A229502E600C55E2C /* DGAssetsListCollectionViewCell.m */; };
		63FA6888229502E600C55E2C /* DGImageSelectVC.m in Sources */ = {isa = PBXBuildFile; fileRef = 63FA686B229502E600C55E2C /* DGImageSelectVC.m */; };
		63FA6889229502E600C55E2C /* DGImageClipVC.m in Sources */ = {isa = PBXBuildFile; fileRef = 63FA6870229502E600C55E2C /* DGImageClipVC.m */; };
		63FA688A229502E600C55E2C /* DGImagePreviewVC.m in Sources */ = {isa = PBXBuildFile; fileRef = 63FA6873229502E600C55E2C /* DGImagePreviewVC.m */; };
		63FA688B229502E600C55E2C /* DGSingleImagePreviewVC.m in Sources */ = {isa = PBXBuildFile; fileRef = 63FA6874229502E600C55E2C /* DGSingleImagePreviewVC.m */; };
		63FA688C229502E600C55E2C /* dgip_navi_back@2x.png in Resources */ = {isa = PBXBuildFile; fileRef = 63FA6878229502E600C55E2C /* dgip_navi_back@2x.png */; };
		63FA688D229502E600C55E2C /* dgip_navi_up@2x.png in Resources */ = {isa = PBXBuildFile; fileRef = 63FA6879229502E600C55E2C /* dgip_navi_up@2x.png */; };
		63FA688E229502E600C55E2C /* dgip_navi_back_black@3x.png in Resources */ = {isa = PBXBuildFile; fileRef = 63FA687A229502E600C55E2C /* dgip_navi_back_black@3x.png */; };
		63FA688F229502E600C55E2C /* dgip_navi_down@3x.png in Resources */ = {isa = PBXBuildFile; fileRef = 63FA687B229502E600C55E2C /* dgip_navi_down@3x.png */; };
		63FA6890229502E600C55E2C /* dgip_navi_down@2x.png in Resources */ = {isa = PBXBuildFile; fileRef = 63FA687C229502E600C55E2C /* dgip_navi_down@2x.png */; };
		63FA6891229502E600C55E2C /* dgip_navi_back_black@2x.png in Resources */ = {isa = PBXBuildFile; fileRef = 63FA687D229502E600C55E2C /* dgip_navi_back_black@2x.png */; };
		63FA6892229502E600C55E2C /* dgip_navi_up@3x.png in Resources */ = {isa = PBXBuildFile; fileRef = 63FA687E229502E600C55E2C /* dgip_navi_up@3x.png */; };
		63FA6893229502E600C55E2C /* dgip_navi_back@3x.png in Resources */ = {isa = PBXBuildFile; fileRef = 63FA687F229502E600C55E2C /* dgip_navi_back@3x.png */; };
		63FA6894229502E600C55E2C /* dgip_camera.png in Resources */ = {isa = PBXBuildFile; fileRef = 63FA6880229502E600C55E2C /* dgip_camera.png */; };
		63FA6895229502E600C55E2C /* DGImagePickerManager.m in Sources */ = {isa = PBXBuildFile; fileRef = 63FA6881229502E600C55E2C /* DGImagePickerManager.m */; };
		63FA6896229502E600C55E2C /* DGToast.m in Sources */ = {isa = PBXBuildFile; fileRef = 63FA6882229502E600C55E2C /* DGToast.m */; };
/* End PBXBuildFile section */

/* Begin PBXFileReference section */
		631E7C6221BF8F91001A5923 /* DGImagePicker.app */ = {isa = PBXFileReference; explicitFileType = wrapper.application; includeInIndex = 0; path = DGImagePicker.app; sourceTree = BUILT_PRODUCTS_DIR; };
		631E7C6521BF8F91001A5923 /* AppDelegate.h */ = {isa = PBXFileReference; lastKnownFileType = sourcecode.c.h; path = AppDelegate.h; sourceTree = "<group>"; };
		631E7C6621BF8F91001A5923 /* AppDelegate.m */ = {isa = PBXFileReference; lastKnownFileType = sourcecode.c.objc; path = AppDelegate.m; sourceTree = "<group>"; };
		631E7C6821BF8F91001A5923 /* ViewController.h */ = {isa = PBXFileReference; lastKnownFileType = sourcecode.c.h; path = ViewController.h; sourceTree = "<group>"; };
		631E7C6921BF8F91001A5923 /* ViewController.m */ = {isa = PBXFileReference; lastKnownFileType = sourcecode.c.objc; path = ViewController.m; sourceTree = "<group>"; };
		631E7C6C21BF8F91001A5923 /* Base */ = {isa = PBXFileReference; lastKnownFileType = file.storyboard; name = Base; path = Base.lproj/Main.storyboard; sourceTree = "<group>"; };
		631E7C6E21BF8F91001A5923 /* Assets.xcassets */ = {isa = PBXFileReference; lastKnownFileType = folder.assetcatalog; path = Assets.xcassets; sourceTree = "<group>"; };
		631E7C7121BF8F91001A5923 /* Base */ = {isa = PBXFileReference; lastKnownFileType = file.storyboard; name = Base; path = Base.lproj/LaunchScreen.storyboard; sourceTree = "<group>"; };
		631E7C7321BF8F91001A5923 /* Info.plist */ = {isa = PBXFileReference; lastKnownFileType = text.plist.xml; path = Info.plist; sourceTree = "<group>"; };
		631E7C7421BF8F91001A5923 /* main.m */ = {isa = PBXFileReference; lastKnownFileType = sourcecode.c.objc; path = main.m; sourceTree = "<group>"; };
		63FA6862229502E600C55E2C /* DGImageSelectVC.h */ = {isa = PBXFileReference; fileEncoding = 4; lastKnownFileType = sourcecode.c.h; path = DGImageSelectVC.h; sourceTree = "<group>"; };
		63FA6863229502E600C55E2C /* ALAsset+DGSelectImage.m */ = {isa = PBXFileReference; fileEncoding = 4; lastKnownFileType = sourcecode.c.objc; path = "ALAsset+DGSelectImage.m"; sourceTree = "<group>"; };
		63FA6865229502E600C55E2C /* DGCheckmarkView.h */ = {isa = PBXFileReference; fileEncoding = 4; lastKnownFileType = sourcecode.c.h; path = DGCheckmarkView.h; sourceTree = "<group>"; };
		63FA6866229502E600C55E2C /* DGAssetsGroupListTableViewCell.m */ = {isa = PBXFileReference; fileEncoding = 4; lastKnownFileType = sourcecode.c.objc; path = DGAssetsGroupListTableViewCell.m; sourceTree = "<group>"; };
		63FA6867229502E600C55E2C /* DGAssetsListCollectionViewCell.h */ = {isa = PBXFileReference; fileEncoding = 4; lastKnownFileType = sourcecode.c.h; path = DGAssetsListCollectionViewCell.h; sourceTree = "<group>"; };
		63FA6868229502E600C55E2C /* DGCheckmarkView.m */ = {isa = PBXFileReference; fileEncoding = 4; lastKnownFileType = sourcecode.c.objc; path = DGCheckmarkView.m; sourceTree = "<group>"; };
		63FA6869229502E600C55E2C /* DGAssetsGroupListTableViewCell.h */ = {isa = PBXFileReference; fileEncoding = 4; lastKnownFileType = sourcecode.c.h; path = DGAssetsGroupListTableViewCell.h; sourceTree = "<group>"; };
		63FA686A229502E600C55E2C /* DGAssetsListCollectionViewCell.m */ = {isa = PBXFileReference; fileEncoding = 4; lastKnownFileType = sourcecode.c.objc; path = DGAssetsListCollectionViewCell.m; sourceTree = "<group>"; };
		63FA686B229502E600C55E2C /* DGImageSelectVC.m */ = {isa = PBXFileReference; fileEncoding = 4; lastKnownFileType = sourcecode.c.objc; path = DGImageSelectVC.m; sourceTree = "<group>"; };
		63FA686C229502E600C55E2C /* ALAsset+DGSelectImage.h */ = {isa = PBXFileReference; fileEncoding = 4; lastKnownFileType = sourcecode.c.h; path = "ALAsset+DGSelectImage.h"; sourceTree = "<group>"; };
		63FA686D229502E600C55E2C /* DGImagePickerManager.h */ = {isa = PBXFileReference; fileEncoding = 4; lastKnownFileType = sourcecode.c.h; path = DGImagePickerManager.h; sourceTree = "<group>"; };
		63FA686E229502E600C55E2C /* DGToast.h */ = {isa = PBXFileReference; fileEncoding = 4; lastKnownFileType = sourcecode.c.h; path = DGToast.h; sourceTree = "<group>"; };
		63FA6870229502E600C55E2C /* DGImageClipVC.m */ = {isa = PBXFileReference; fileEncoding = 4; lastKnownFileType = sourcecode.c.objc; path = DGImageClipVC.m; sourceTree = "<group>"; };
		63FA6871229502E600C55E2C /* DGImageClipVC.h */ = {isa = PBXFileReference; fileEncoding = 4; lastKnownFileType = sourcecode.c.h; path = DGImageClipVC.h; sourceTree = "<group>"; };
		63FA6873229502E600C55E2C /* DGImagePreviewVC.m */ = {isa = PBXFileReference; fileEncoding = 4; lastKnownFileType = sourcecode.c.objc; path = DGImagePreviewVC.m; sourceTree = "<group>"; };
		63FA6874229502E600C55E2C /* DGSingleImagePreviewVC.m */ = {isa = PBXFileReference; fileEncoding = 4; lastKnownFileType = sourcecode.c.objc; path = DGSingleImagePreviewVC.m; sourceTree = "<group>"; };
		63FA6875229502E600C55E2C /* DGImagePreviewVC.h */ = {isa = PBXFileReference; fileEncoding = 4; lastKnownFileType = sourcecode.c.h; path = DGImagePreviewVC.h; sourceTree = "<group>"; };
		63FA6876229502E600C55E2C /* DGSingleImagePreviewVC.h */ = {isa = PBXFileReference; fileEncoding = 4; lastKnownFileType = sourcecode.c.h; path = DGSingleImagePreviewVC.h; sourceTree = "<group>"; };
		63FA6878229502E600C55E2C /* dgip_navi_back@2x.png */ = {isa = PBXFileReference; lastKnownFileType = image.png; path = "dgip_navi_back@2x.png"; sourceTree = "<group>"; };
		63FA6879229502E600C55E2C /* dgip_navi_up@2x.png */ = {isa = PBXFileReference; lastKnownFileType = image.png; path = "dgip_navi_up@2x.png"; sourceTree = "<group>"; };
		63FA687A229502E600C55E2C /* dgip_navi_back_black@3x.png */ = {isa = PBXFileReference; lastKnownFileType = image.png; path = "dgip_navi_back_black@3x.png"; sourceTree = "<group>"; };
		63FA687B229502E600C55E2C /* dgip_navi_down@3x.png */ = {isa = PBXFileReference; lastKnownFileType = image.png; path = "dgip_navi_down@3x.png"; sourceTree = "<group>"; };
		63FA687C229502E600C55E2C /* dgip_navi_down@2x.png */ = {isa = PBXFileReference; lastKnownFileType = image.png; path = "dgip_navi_down@2x.png"; sourceTree = "<group>"; };
		63FA687D229502E600C55E2C /* dgip_navi_back_black@2x.png */ = {isa = PBXFileReference; lastKnownFileType = image.png; path = "dgip_navi_back_black@2x.png"; sourceTree = "<group>"; };
		63FA687E229502E600C55E2C /* dgip_navi_up@3x.png */ = {isa = PBXFileReference; lastKnownFileType = image.png; path = "dgip_navi_up@3x.png"; sourceTree = "<group>"; };
		63FA687F229502E600C55E2C /* dgip_navi_back@3x.png */ = {isa = PBXFileReference; lastKnownFileType = image.png; path = "dgip_navi_back@3x.png"; sourceTree = "<group>"; };
		63FA6880229502E600C55E2C /* dgip_camera.png */ = {isa = PBXFileReference; lastKnownFileType = image.png; path = dgip_camera.png; sourceTree = "<group>"; };
		63FA6881229502E600C55E2C /* DGImagePickerManager.m */ = {isa = PBXFileReference; fileEncoding = 4; lastKnownFileType = sourcecode.c.objc; path = DGImagePickerManager.m; sourceTree = "<group>"; };
		63FA6882229502E600C55E2C /* DGToast.m */ = {isa = PBXFileReference; fileEncoding = 4; lastKnownFileType = sourcecode.c.objc; path = DGToast.m; sourceTree = "<group>"; };
		63FA6883229502E600C55E2C /* DGIP_Header.h */ = {isa = PBXFileReference; fileEncoding = 4; lastKnownFileType = sourcecode.c.h; path = DGIP_Header.h; sourceTree = "<group>"; };
/* End PBXFileReference section */

/* Begin PBXFrameworksBuildPhase section */
		631E7C5F21BF8F91001A5923 /* Frameworks */ = {
			isa = PBXFrameworksBuildPhase;
			buildActionMask = 2147483647;
			files = (
			);
			runOnlyForDeploymentPostprocessing = 0;
		};
/* End PBXFrameworksBuildPhase section */

/* Begin PBXGroup section */
		631E7C5921BF8F91001A5923 = {
			isa = PBXGroup;
			children = (
				631E7C6421BF8F91001A5923 /* DGImagePicker */,
				631E7C6321BF8F91001A5923 /* Products */,
			);
			sourceTree = "<group>";
		};
		631E7C6321BF8F91001A5923 /* Products */ = {
			isa = PBXGroup;
			children = (
				631E7C6221BF8F91001A5923 /* DGImagePicker.app */,
			);
			name = Products;
			sourceTree = "<group>";
		};
		631E7C6421BF8F91001A5923 /* DGImagePicker */ = {
			isa = PBXGroup;
			children = (
				63FA6860229502E600C55E2C /* DGImagePicker(选图片) */,
				631E7C6521BF8F91001A5923 /* AppDelegate.h */,
				631E7C6621BF8F91001A5923 /* AppDelegate.m */,
				631E7C6821BF8F91001A5923 /* ViewController.h */,
				631E7C6921BF8F91001A5923 /* ViewController.m */,
				631E7C6B21BF8F91001A5923 /* Main.storyboard */,
				631E7C6E21BF8F91001A5923 /* Assets.xcassets */,
				631E7C7021BF8F91001A5923 /* LaunchScreen.storyboard */,
				631E7C7321BF8F91001A5923 /* Info.plist */,
				631E7C7421BF8F91001A5923 /* main.m */,
			);
			path = DGImagePicker;
			sourceTree = "<group>";
		};
		63FA6860229502E600C55E2C /* DGImagePicker(选图片) */ = {
			isa = PBXGroup;
			children = (
				63FA6883229502E600C55E2C /* DGIP_Header.h */,
				63FA686D229502E600C55E2C /* DGImagePickerManager.h */,
				63FA6881229502E600C55E2C /* DGImagePickerManager.m */,
				63FA686E229502E600C55E2C /* DGToast.h */,
				63FA6882229502E600C55E2C /* DGToast.m */,
				63FA6861229502E600C55E2C /* 选图 */,
				63FA686F229502E600C55E2C /* 裁剪 */,
				63FA6872229502E600C55E2C /* 预览 */,
				63FA6877229502E600C55E2C /* icons */,
			);
			path = "DGImagePicker(选图片)";
			sourceTree = "<group>";
		};
		63FA6861229502E600C55E2C /* 选图 */ = {
			isa = PBXGroup;
			children = (
				63FA6862229502E600C55E2C /* DGImageSelectVC.h */,
				63FA686B229502E600C55E2C /* DGImageSelectVC.m */,
				63FA686C229502E600C55E2C /* ALAsset+DGSelectImage.h */,
				63FA6863229502E600C55E2C /* ALAsset+DGSelectImage.m */,
				63FA6864229502E600C55E2C /* View */,
			);
			path = "选图";
			sourceTree = "<group>";
		};
		63FA6864229502E600C55E2C /* View */ = {
			isa = PBXGroup;
			children = (
				63FA6865229502E600C55E2C /* DGCheckmarkView.h */,
				63FA6868229502E600C55E2C /* DGCheckmarkView.m */,
				63FA6867229502E600C55E2C /* DGAssetsListCollectionViewCell.h */,
				63FA686A229502E600C55E2C /* DGAssetsListCollectionViewCell.m */,
				63FA6869229502E600C55E2C /* DGAssetsGroupListTableViewCell.h */,
				63FA6866229502E600C55E2C /* DGAssetsGroupListTableViewCell.m */,
			);
			path = View;
			sourceTree = "<group>";
		};
		63FA686F229502E600C55E2C /* 裁剪 */ = {
			isa = PBXGroup;
			children = (
				63FA6871229502E600C55E2C /* DGImageClipVC.h */,
				63FA6870229502E600C55E2C /* DGImageClipVC.m */,
			);
			path = "裁剪";
			sourceTree = "<group>";
		};
		63FA6872229502E600C55E2C /* 预览 */ = {
			isa = PBXGroup;
			children = (
				63FA6875229502E600C55E2C /* DGImagePreviewVC.h */,
				63FA6873229502E600C55E2C /* DGImagePreviewVC.m */,
				63FA6876229502E600C55E2C /* DGSingleImagePreviewVC.h */,
				63FA6874229502E600C55E2C /* DGSingleImagePreviewVC.m */,
			);
			path = "预览";
			sourceTree = "<group>";
		};
		63FA6877229502E600C55E2C /* icons */ = {
			isa = PBXGroup;
			children = (
				63FA6878229502E600C55E2C /* dgip_navi_back@2x.png */,
				63FA687F229502E600C55E2C /* dgip_navi_back@3x.png */,
				63FA687D229502E600C55E2C /* dgip_navi_back_black@2x.png */,
				63FA687A229502E600C55E2C /* dgip_navi_back_black@3x.png */,
				63FA6879229502E600C55E2C /* dgip_navi_up@2x.png */,
				63FA687E229502E600C55E2C /* dgip_navi_up@3x.png */,
				63FA687B229502E600C55E2C /* dgip_navi_down@3x.png */,
				63FA687C229502E600C55E2C /* dgip_navi_down@2x.png */,
				63FA6880229502E600C55E2C /* dgip_camera.png */,
			);
			path = icons;
			sourceTree = "<group>";
		};
/* End PBXGroup section */

/* Begin PBXNativeTarget section */
		631E7C6121BF8F91001A5923 /* DGImagePicker */ = {
			isa = PBXNativeTarget;
			buildConfigurationList = 631E7C7821BF8F91001A5923 /* Build configuration list for PBXNativeTarget "DGImagePicker" */;
			buildPhases = (
				631E7C5E21BF8F91001A5923 /* Sources */,
				631E7C5F21BF8F91001A5923 /* Frameworks */,
				631E7C6021BF8F91001A5923 /* Resources */,
			);
			buildRules = (
			);
			dependencies = (
			);
			name = DGImagePicker;
			productName = DGImagePicker;
			productReference = 631E7C6221BF8F91001A5923 /* DGImagePicker.app */;
			productType = "com.apple.product-type.application";
		};
/* End PBXNativeTarget section */

/* Begin PBXProject section */
		631E7C5A21BF8F91001A5923 /* Project object */ = {
			isa = PBXProject;
			attributes = {
				LastUpgradeCheck = 0940;
				ORGANIZATIONNAME = david;
				TargetAttributes = {
					631E7C6121BF8F91001A5923 = {
						CreatedOnToolsVersion = 9.4.1;
					};
				};
			};
			buildConfigurationList = 631E7C5D21BF8F91001A5923 /* Build configuration list for PBXProject "DGImagePicker" */;
			compatibilityVersion = "Xcode 9.3";
			developmentRegion = en;
			hasScannedForEncodings = 0;
			knownRegions = (
				en,
				Base,
			);
			mainGroup = 631E7C5921BF8F91001A5923;
			productRefGroup = 631E7C6321BF8F91001A5923 /* Products */;
			projectDirPath = "";
			projectRoot = "";
			targets = (
				631E7C6121BF8F91001A5923 /* DGImagePicker */,
			);
		};
/* End PBXProject section */

/* Begin PBXResourcesBuildPhase section */
		631E7C6021BF8F91001A5923 /* Resources */ = {
			isa = PBXResourcesBuildPhase;
			buildActionMask = 2147483647;
			files = (
				63FA6892229502E600C55E2C /* dgip_navi_up@3x.png in Resources */,
				63FA688E229502E600C55E2C /* dgip_navi_back_black@3x.png in Resources */,
				63FA6894229502E600C55E2C /* dgip_camera.png in Resources */,
				631E7C7221BF8F91001A5923 /* LaunchScreen.storyboard in Resources */,
				63FA6890229502E600C55E2C /* dgip_navi_down@2x.png in Resources */,
				631E7C6F21BF8F91001A5923 /* Assets.xcassets in Resources */,
				63FA688F229502E600C55E2C /* dgip_navi_down@3x.png in Resources */,
				63FA6891229502E600C55E2C /* dgip_navi_back_black@2x.png in Resources */,
				63FA688D229502E600C55E2C /* dgip_navi_up@2x.png in Resources */,
				631E7C6D21BF8F91001A5923 /* Main.storyboard in Resources */,
				63FA688C229502E600C55E2C /* dgip_navi_back@2x.png in Resources */,
				63FA6893229502E600C55E2C /* dgip_navi_back@3x.png in Resources */,
			);
			runOnlyForDeploymentPostprocessing = 0;
		};
/* End PBXResourcesBuildPhase section */

/* Begin PBXSourcesBuildPhase section */
		631E7C5E21BF8F91001A5923 /* Sources */ = {
			isa = PBXSourcesBuildPhase;
			buildActionMask = 2147483647;
			files = (
				63FA6884229502E600C55E2C /* ALAsset+DGSelectImage.m in Sources */,
				63FA6886229502E600C55E2C /* DGCheckmarkView.m in Sources */,
				631E7C6A21BF8F91001A5923 /* ViewController.m in Sources */,
				63FA6889229502E600C55E2C /* DGImageClipVC.m in Sources */,
				63FA6895229502E600C55E2C /* DGImagePickerManager.m in Sources */,
				63FA6888229502E600C55E2C /* DGImageSelectVC.m in Sources */,
				63FA6887229502E600C55E2C /* DGAssetsListCollectionViewCell.m in Sources */,
				63FA688A229502E600C55E2C /* DGImagePreviewVC.m in Sources */,
				63FA6885229502E600C55E2C /* DGAssetsGroupListTableViewCell.m in Sources */,
				63FA688B229502E600C55E2C /* DGSingleImagePreviewVC.m in Sources */,
				63FA6896229502E600C55E2C /* DGToast.m in Sources */,
				631E7C7521BF8F91001A5923 /* main.m in Sources */,
				631E7C6721BF8F91001A5923 /* AppDelegate.m in Sources */,
			);
			runOnlyForDeploymentPostprocessing = 0;
		};
/* End PBXSourcesBuildPhase section */

/* Begin PBXVariantGroup section */
		631E7C6B21BF8F91001A5923 /* Main.storyboard */ = {
			isa = PBXVariantGroup;
			children = (
				631E7C6C21BF8F91001A5923 /* Base */,
			);
			name = Main.storyboard;
			sourceTree = "<group>";
		};
		631E7C7021BF8F91001A5923 /* LaunchScreen.storyboard */ = {
			isa = PBXVariantGroup;
			children = (
				631E7C7121BF8F91001A5923 /* Base */,
			);
			name = LaunchScreen.storyboard;
			sourceTree = "<group>";
		};
/* End PBXVariantGroup section */

/* Begin XCBuildConfiguration section */
		631E7C7621BF8F91001A5923 /* Debug */ = {
			isa = XCBuildConfiguration;
			buildSettings = {
				ALWAYS_SEARCH_USER_PATHS = NO;
				CLANG_ANALYZER_NONNULL = YES;
				CLANG_ANALYZER_NUMBER_OBJECT_CONVERSION = YES_AGGRESSIVE;
				CLANG_CXX_LANGUAGE_STANDARD = "gnu++14";
				CLANG_CXX_LIBRARY = "libc++";
				CLANG_ENABLE_MODULES = YES;
				CLANG_ENABLE_OBJC_ARC = YES;
				CLANG_ENABLE_OBJC_WEAK = YES;
				CLANG_WARN_BLOCK_CAPTURE_AUTORELEASING = YES;
				CLANG_WARN_BOOL_CONVERSION = YES;
				CLANG_WARN_COMMA = YES;
				CLANG_WARN_CONSTANT_CONVERSION = YES;
				CLANG_WARN_DEPRECATED_OBJC_IMPLEMENTATIONS = YES;
				CLANG_WARN_DIRECT_OBJC_ISA_USAGE = YES_ERROR;
				CLANG_WARN_DOCUMENTATION_COMMENTS = YES;
				CLANG_WARN_EMPTY_BODY = YES;
				CLANG_WARN_ENUM_CONVERSION = YES;
				CLANG_WARN_INFINITE_RECURSION = YES;
				CLANG_WARN_INT_CONVERSION = YES;
				CLANG_WARN_NON_LITERAL_NULL_CONVERSION = YES;
				CLANG_WARN_OBJC_IMPLICIT_RETAIN_SELF = YES;
				CLANG_WARN_OBJC_LITERAL_CONVERSION = YES;
				CLANG_WARN_OBJC_ROOT_CLASS = YES_ERROR;
				CLANG_WARN_RANGE_LOOP_ANALYSIS = YES;
				CLANG_WARN_STRICT_PROTOTYPES = YES;
				CLANG_WARN_SUSPICIOUS_MOVE = YES;
				CLANG_WARN_UNGUARDED_AVAILABILITY = YES_AGGRESSIVE;
				CLANG_WARN_UNREACHABLE_CODE = YES;
				CLANG_WARN__DUPLICATE_METHOD_MATCH = YES;
				CODE_SIGN_IDENTITY = "iPhone Developer";
				COPY_PHASE_STRIP = NO;
				DEBUG_INFORMATION_FORMAT = dwarf;
				ENABLE_STRICT_OBJC_MSGSEND = YES;
				ENABLE_TESTABILITY = YES;
				GCC_C_LANGUAGE_STANDARD = gnu11;
				GCC_DYNAMIC_NO_PIC = NO;
				GCC_NO_COMMON_BLOCKS = YES;
				GCC_OPTIMIZATION_LEVEL = 0;
				GCC_PREPROCESSOR_DEFINITIONS = (
					"DEBUG=1",
					"$(inherited)",
				);
				GCC_WARN_64_TO_32_BIT_CONVERSION = YES;
				GCC_WARN_ABOUT_RETURN_TYPE = YES_ERROR;
				GCC_WARN_UNDECLARED_SELECTOR = YES;
				GCC_WARN_UNINITIALIZED_AUTOS = YES_AGGRESSIVE;
				GCC_WARN_UNUSED_FUNCTION = YES;
				GCC_WARN_UNUSED_VARIABLE = YES;
				IPHONEOS_DEPLOYMENT_TARGET = 11.4;
				MTL_ENABLE_DEBUG_INFO = YES;
				ONLY_ACTIVE_ARCH = YES;
				SDKROOT = iphoneos;
			};
			name = Debug;
		};
		631E7C7721BF8F91001A5923 /* Release */ = {
			isa = XCBuildConfiguration;
			buildSettings = {
				ALWAYS_SEARCH_USER_PATHS = NO;
				CLANG_ANALYZER_NONNULL = YES;
				CLANG_ANALYZER_NUMBER_OBJECT_CONVERSION = YES_AGGRESSIVE;
				CLANG_CXX_LANGUAGE_STANDARD = "gnu++14";
				CLANG_CXX_LIBRARY = "libc++";
				CLANG_ENABLE_MODULES = YES;
				CLANG_ENABLE_OBJC_ARC = YES;
				CLANG_ENABLE_OBJC_WEAK = YES;
				CLANG_WARN_BLOCK_CAPTURE_AUTORELEASING = YES;
				CLANG_WARN_BOOL_CONVERSION = YES;
				CLANG_WARN_COMMA = YES;
				CLANG_WARN_CONSTANT_CONVERSION = YES;
				CLANG_WARN_DEPRECATED_OBJC_IMPLEMENTATIONS = YES;
				CLANG_WARN_DIRECT_OBJC_ISA_USAGE = YES_ERROR;
				CLANG_WARN_DOCUMENTATION_COMMENTS = YES;
				CLANG_WARN_EMPTY_BODY = YES;
				CLANG_WARN_ENUM_CONVERSION = YES;
				CLANG_WARN_INFINITE_RECURSION = YES;
				CLANG_WARN_INT_CONVERSION = YES;
				CLANG_WARN_NON_LITERAL_NULL_CONVERSION = YES;
				CLANG_WARN_OBJC_IMPLICIT_RETAIN_SELF = YES;
				CLANG_WARN_OBJC_LITERAL_CONVERSION = YES;
				CLANG_WARN_OBJC_ROOT_CLASS = YES_ERROR;
				CLANG_WARN_RANGE_LOOP_ANALYSIS = YES;
				CLANG_WARN_STRICT_PROTOTYPES = YES;
				CLANG_WARN_SUSPICIOUS_MOVE = YES;
				CLANG_WARN_UNGUARDED_AVAILABILITY = YES_AGGRESSIVE;
				CLANG_WARN_UNREACHABLE_CODE = YES;
				CLANG_WARN__DUPLICATE_METHOD_MATCH = YES;
				CODE_SIGN_IDENTITY = "iPhone Developer";
				COPY_PHASE_STRIP = NO;
				DEBUG_INFORMATION_FORMAT = "dwarf-with-dsym";
				ENABLE_NS_ASSERTIONS = NO;
				ENABLE_STRICT_OBJC_MSGSEND = YES;
				GCC_C_LANGUAGE_STANDARD = gnu11;
				GCC_NO_COMMON_BLOCKS = YES;
				GCC_WARN_64_TO_32_BIT_CONVERSION = YES;
				GCC_WARN_ABOUT_RETURN_TYPE = YES_ERROR;
				GCC_WARN_UNDECLARED_SELECTOR = YES;
				GCC_WARN_UNINITIALIZED_AUTOS = YES_AGGRESSIVE;
				GCC_WARN_UNUSED_FUNCTION = YES;
				GCC_WARN_UNUSED_VARIABLE = YES;
				IPHONEOS_DEPLOYMENT_TARGET = 11.4;
				MTL_ENABLE_DEBUG_INFO = NO;
				SDKROOT = iphoneos;
				VALIDATE_PRODUCT = YES;
			};
			name = Release;
		};
		631E7C7921BF8F91001A5923 /* Debug */ = {
			isa = XCBuildConfiguration;
			buildSettings = {
				ASSETCATALOG_COMPILER_APPICON_NAME = AppIcon;
				CODE_SIGN_STYLE = Automatic;
				DEVELOPMENT_TEAM = ZHJX48G4CA;
				GCC_PREFIX_HEADER = "";
				INFOPLIST_FILE = DGImagePicker/Info.plist;
				IPHONEOS_DEPLOYMENT_TARGET = 9.0;
				LD_RUNPATH_SEARCH_PATHS = (
					"$(inherited)",
					"@executable_path/Frameworks",
				);
				PRODUCT_BUNDLE_IDENTIFIER = com.demo.DGImagePicker;
				PRODUCT_NAME = "$(TARGET_NAME)";
				TARGETED_DEVICE_FAMILY = "1,2";
			};
			name = Debug;
		};
		631E7C7A21BF8F91001A5923 /* Release */ = {
			isa = XCBuildConfiguration;
			buildSettings = {
				ASSETCATALOG_COMPILER_APPICON_NAME = AppIcon;
				CODE_SIGN_STYLE = Automatic;
				DEVELOPMENT_TEAM = ZHJX48G4CA;
				GCC_PREFIX_HEADER = "";
				INFOPLIST_FILE = DGImagePicker/Info.plist;
				IPHONEOS_DEPLOYMENT_TARGET = 9.0;
				LD_RUNPATH_SEARCH_PATHS = (
					"$(inherited)",
					"@executable_path/Frameworks",
				);
				PRODUCT_BUNDLE_IDENTIFIER = com.demo.DGImagePicker;
				PRODUCT_NAME = "$(TARGET_NAME)";
				TARGETED_DEVICE_FAMILY = "1,2";
			};
			name = Release;
		};
/* End XCBuildConfiguration section */

/* Begin XCConfigurationList section */
		631E7C5D21BF8F91001A5923 /* Build configuration list for PBXProject "DGImagePicker" */ = {
			isa = XCConfigurationList;
			buildConfigurations = (
				631E7C7621BF8F91001A5923 /* Debug */,
				631E7C7721BF8F91001A5923 /* Release */,
			);
			defaultConfigurationIsVisible = 0;
			defaultConfigurationName = Release;
		};
		631E7C7821BF8F91001A5923 /* Build configuration list for PBXNativeTarget "DGImagePicker" */ = {
			isa = XCConfigurationList;
			buildConfigurations = (
				631E7C7921BF8F91001A5923 /* Debug */,
				631E7C7A21BF8F91001A5923 /* Release */,
			);
			defaultConfigurationIsVisible = 0;
			defaultConfigurationName = Release;
		};
/* End XCConfigurationList section */
	};
	rootObject = 631E7C5A21BF8F91001A5923 /* Project object */;
}
